// !$*UTF8*$!
{
	archiveVersion = 1;
	classes = {
	};
	objectVersion = 50;
	objects = {

/* Begin PBXBuildFile section */
		02CD5CE622304003009EA3E6 /* Assignment5Q2.cpp in Sources */ = {isa = PBXBuildFile; fileRef = 02CD5CE522304003009EA3E6 /* Assignment5Q2.cpp */; };
		02CD5CE92230405B009EA3E6 /* agents.cpp in Sources */ = {isa = PBXBuildFile; fileRef = 02CD5CE72230405B009EA3E6 /* agents.cpp */; };
		02CD5CEC22304945009EA3E6 /* dealer.cpp in Sources */ = {isa = PBXBuildFile; fileRef = 02CD5CEA22304945009EA3E6 /* dealer.cpp */; };
/* End PBXBuildFile section */

/* Begin PBXCopyFilesBuildPhase section */
		02CD5CD922303FD5009EA3E6 /* CopyFiles */ = {
			isa = PBXCopyFilesBuildPhase;
			buildActionMask = 2147483647;
			dstPath = /usr/share/man/man1/;
			dstSubfolderSpec = 0;
			files = (
			);
			runOnlyForDeploymentPostprocessing = 1;
		};
/* End PBXCopyFilesBuildPhase section */

/* Begin PBXFileReference section */
		02CD5CDB22303FD5009EA3E6 /* hw5_2 */ = {isa = PBXFileReference; explicitFileType = "compiled.mach-o.executable"; includeInIndex = 0; path = hw5_2; sourceTree = BUILT_PRODUCTS_DIR; };
		02CD5CE522304003009EA3E6 /* Assignment5Q2.cpp */ = {isa = PBXFileReference; fileEncoding = 4; lastKnownFileType = sourcecode.cpp.cpp; path = Assignment5Q2.cpp; sourceTree = "<group>"; };
		02CD5CE72230405B009EA3E6 /* agents.cpp */ = {isa = PBXFileReference; lastKnownFileType = sourcecode.cpp.cpp; path = agents.cpp; sourceTree = "<group>"; };
		02CD5CE82230405B009EA3E6 /* agents.hpp */ = {isa = PBXFileReference; lastKnownFileType = sourcecode.cpp.h; path = agents.hpp; sourceTree = "<group>"; };
		02CD5CEA22304945009EA3E6 /* dealer.cpp */ = {isa = PBXFileReference; lastKnownFileType = sourcecode.cpp.cpp; path = dealer.cpp; sourceTree = "<group>"; };
		02CD5CEB22304945009EA3E6 /* dealer.hpp */ = {isa = PBXFileReference; lastKnownFileType = sourcecode.cpp.h; path = dealer.hpp; sourceTree = "<group>"; };
/* End PBXFileReference section */

/* Begin PBXFrameworksBuildPhase section */
		02CD5CD822303FD5009EA3E6 /* Frameworks */ = {
			isa = PBXFrameworksBuildPhase;
			buildActionMask = 2147483647;
			files = (
			);
			runOnlyForDeploymentPostprocessing = 0;
		};
/* End PBXFrameworksBuildPhase section */

/* Begin PBXGroup section */
		02CD5CD222303FD5009EA3E6 = {
			isa = PBXGroup;
			children = (
				02CD5CDD22303FD5009EA3E6 /* hw5_2 */,
				02CD5CDC22303FD5009EA3E6 /* Products */,
			);
			sourceTree = "<group>";
		};
		02CD5CDC22303FD5009EA3E6 /* Products */ = {
			isa = PBXGroup;
			children = (
				02CD5CDB22303FD5009EA3E6 /* hw5_2 */,
			);
			name = Products;
			sourceTree = "<group>";
		};
		02CD5CDD22303FD5009EA3E6 /* hw5_2 */ = {
			isa = PBXGroup;
			children = (
				02CD5CE522304003009EA3E6 /* Assignment5Q2.cpp */,
				02CD5CE72230405B009EA3E6 /* agents.cpp */,
				02CD5CE82230405B009EA3E6 /* agents.hpp */,
				02CD5CEA22304945009EA3E6 /* dealer.cpp */,
				02CD5CEB22304945009EA3E6 /* dealer.hpp */,
			);
			path = hw5_2;
			sourceTree = "<group>";
		};
/* End PBXGroup section */

/* Begin PBXNativeTarget section */
		02CD5CDA22303FD5009EA3E6 /* hw5_2 */ = {
			isa = PBXNativeTarget;
			buildConfigurationList = 02CD5CE222303FD5009EA3E6 /* Build configuration list for PBXNativeTarget "hw5_2" */;
			buildPhases = (
				02CD5CD722303FD5009EA3E6 /* Sources */,
				02CD5CD822303FD5009EA3E6 /* Frameworks */,
				02CD5CD922303FD5009EA3E6 /* CopyFiles */,
			);
			buildRules = (
			);
			dependencies = (
			);
			name = hw5_2;
			productName = hw5_2;
			productReference = 02CD5CDB22303FD5009EA3E6 /* hw5_2 */;
			productType = "com.apple.product-type.tool";
		};
/* End PBXNativeTarget section */

/* Begin PBXProject section */
		02CD5CD322303FD5009EA3E6 /* Project object */ = {
			isa = PBXProject;
			attributes = {
				LastUpgradeCheck = 1010;
				ORGANIZATIONNAME = "Jonathan Kaplan";
				TargetAttributes = {
					02CD5CDA22303FD5009EA3E6 = {
						CreatedOnToolsVersion = 10.1;
					};
				};
			};
			buildConfigurationList = 02CD5CD622303FD5009EA3E6 /* Build configuration list for PBXProject "hw5_2" */;
			compatibilityVersion = "Xcode 9.3";
			developmentRegion = en;
			hasScannedForEncodings = 0;
			knownRegions = (
				en,
			);
			mainGroup = 02CD5CD222303FD5009EA3E6;
			productRefGroup = 02CD5CDC22303FD5009EA3E6 /* Products */;
			projectDirPath = "";
			projectRoot = "";
			targets = (
				02CD5CDA22303FD5009EA3E6 /* hw5_2 */,
			);
		};
/* End PBXProject section */

/* Begin PBXSourcesBuildPhase section */
		02CD5CD722303FD5009EA3E6 /* Sources */ = {
			isa = PBXSourcesBuildPhase;
			buildActionMask = 2147483647;
			files = (
				02CD5CEC22304945009EA3E6 /* dealer.cpp in Sources */,
				02CD5CE622304003009EA3E6 /* Assignment5Q2.cpp in Sources */,
				02CD5CE92230405B009EA3E6 /* agents.cpp in Sources */,
			);
			runOnlyForDeploymentPostprocessing = 0;
		};
/* End PBXSourcesBuildPhase section */

/* Begin XCBuildConfiguration section */
		02CD5CE022303FD5009EA3E6 /* Debug */ = {
			isa = XCBuildConfiguration;
			buildSettings = {
				ALWAYS_SEARCH_USER_PATHS = NO;
				CLANG_ANALYZER_NONNULL = YES;
				CLANG_ANALYZER_NUMBER_OBJECT_CONVERSION = YES_AGGRESSIVE;
				CLANG_CXX_LANGUAGE_STANDARD = "gnu++14";
				CLANG_CXX_LIBRARY = "libc++";
				CLANG_ENABLE_MODULES = YES;
				CLANG_ENABLE_OBJC_ARC = YES;
				CLANG_ENABLE_OBJC_WEAK = YES;
				CLANG_WARN_BLOCK_CAPTURE_AUTORELEASING = YES;
				CLANG_WARN_BOOL_CONVERSION = YES;
				CLANG_WARN_COMMA = YES;
				CLANG_WARN_CONSTANT_CONVERSION = YES;
				CLANG_WARN_DEPRECATED_OBJC_IMPLEMENTATIONS = YES;
				CLANG_WARN_DIRECT_OBJC_ISA_USAGE = YES_ERROR;
				CLANG_WARN_DOCUMENTATION_COMMENTS = YES;
				CLANG_WARN_EMPTY_BODY = YES;
				CLANG_WARN_ENUM_CONVERSION = YES;
				CLANG_WARN_INFINITE_RECURSION = YES;
				CLANG_WARN_INT_CONVERSION = YES;
				CLANG_WARN_NON_LITERAL_NULL_CONVERSION = YES;
				CLANG_WARN_OBJC_IMPLICIT_RETAIN_SELF = YES;
				CLANG_WARN_OBJC_LITERAL_CONVERSION = YES;
				CLANG_WARN_OBJC_ROOT_CLASS = YES_ERROR;
				CLANG_WARN_RANGE_LOOP_ANALYSIS = YES;
				CLANG_WARN_STRICT_PROTOTYPES = YES;
				CLANG_WARN_SUSPICIOUS_MOVE = YES;
				CLANG_WARN_UNGUARDED_AVAILABILITY = YES_AGGRESSIVE;
				CLANG_WARN_UNREACHABLE_CODE = YES;
				CLANG_WARN__DUPLICATE_METHOD_MATCH = YES;
				CODE_SIGN_IDENTITY = "-";
				COPY_PHASE_STRIP = NO;
				DEBUG_INFORMATION_FORMAT = dwarf;
				ENABLE_STRICT_OBJC_MSGSEND = YES;
				ENABLE_TESTABILITY = YES;
				GCC_C_LANGUAGE_STANDARD = gnu11;
				GCC_DYNAMIC_NO_PIC = NO;
				GCC_NO_COMMON_BLOCKS = YES;
				GCC_OPTIMIZATION_LEVEL = 0;
				GCC_PREPROCESSOR_DEFINITIONS = (
					"DEBUG=1",
					"$(inherited)",
				);
				GCC_WARN_64_TO_32_BIT_CONVERSION = YES;
				GCC_WARN_ABOUT_RETURN_TYPE = YES_ERROR;
				GCC_WARN_UNDECLARED_SELECTOR = YES;
				GCC_WARN_UNINITIALIZED_AUTOS = YES_AGGRESSIVE;
				GCC_WARN_UNUSED_FUNCTION = YES;
				GCC_WARN_UNUSED_VARIABLE = YES;
				MACOSX_DEPLOYMENT_TARGET = 10.13;
				MTL_ENABLE_DEBUG_INFO = INCLUDE_SOURCE;
				MTL_FAST_MATH = YES;
				ONLY_ACTIVE_ARCH = YES;
				SDKROOT = macosx;
			};
			name = Debug;
		};
		02CD5CE122303FD5009EA3E6 /* Release */ = {
			isa = XCBuildConfiguration;
			buildSettings = {
				ALWAYS_SEARCH_USER_PATHS = NO;
				CLANG_ANALYZER_NONNULL = YES;
				CLANG_ANALYZER_NUMBER_OBJECT_CONVERSION = YES_AGGRESSIVE;
				CLANG_CXX_LANGUAGE_STANDARD = "gnu++14";
				CLANG_CXX_LIBRARY = "libc++";
				CLANG_ENABLE_MODULES = YES;
				CLANG_ENABLE_OBJC_ARC = YES;
				CLANG_ENABLE_OBJC_WEAK = YES;
				CLANG_WARN_BLOCK_CAPTURE_AUTORELEASING = YES;
				CLANG_WARN_BOOL_CONVERSION = YES;
				CLANG_WARN_COMMA = YES;
				CLANG_WARN_CONSTANT_CONVERSION = YES;
				CLANG_WARN_DEPRECATED_OBJC_IMPLEMENTATIONS = YES;
				CLANG_WARN_DIRECT_OBJC_ISA_USAGE = YES_ERROR;
				CLANG_WARN_DOCUMENTATION_COMMENTS = YES;
				CLANG_WARN_EMPTY_BODY = YES;
				CLANG_WARN_ENUM_CONVERSION = YES;
				CLANG_WARN_INFINITE_RECURSION = YES;
				CLANG_WARN_INT_CONVERSION = YES;
				CLANG_WARN_NON_LITERAL_NULL_CONVERSION = YES;
				CLANG_WARN_OBJC_IMPLICIT_RETAIN_SELF = YES;
				CLANG_WARN_OBJC_LITERAL_CONVERSION = YES;
				CLANG_WARN_OBJC_ROOT_CLASS = YES_ERROR;
				CLANG_WARN_RANGE_LOOP_ANALYSIS = YES;
				CLANG_WARN_STRICT_PROTOTYPES = YES;
				CLANG_WARN_SUSPICIOUS_MOVE = YES;
				CLANG_WARN_UNGUARDED_AVAILABILITY = YES_AGGRESSIVE;
				CLANG_WARN_UNREACHABLE_CODE = YES;
				CLANG_WARN__DUPLICATE_METHOD_MATCH = YES;
				CODE_SIGN_IDENTITY = "-";
				COPY_PHASE_STRIP = NO;
				DEBUG_INFORMATION_FORMAT = "dwarf-with-dsym";
				ENABLE_NS_ASSERTIONS = NO;
				ENABLE_STRICT_OBJC_MSGSEND = YES;
				GCC_C_LANGUAGE_STANDARD = gnu11;
				GCC_NO_COMMON_BLOCKS = YES;
				GCC_WARN_64_TO_32_BIT_CONVERSION = YES;
				GCC_WARN_ABOUT_RETURN_TYPE = YES_ERROR;
				GCC_WARN_UNDECLARED_SELECTOR = YES;
				GCC_WARN_UNINITIALIZED_AUTOS = YES_AGGRESSIVE;
				GCC_WARN_UNUSED_FUNCTION = YES;
				GCC_WARN_UNUSED_VARIABLE = YES;
				MACOSX_DEPLOYMENT_TARGET = 10.13;
				MTL_ENABLE_DEBUG_INFO = NO;
				MTL_FAST_MATH = YES;
				SDKROOT = macosx;
			};
			name = Release;
		};
		02CD5CE322303FD5009EA3E6 /* Debug */ = {
			isa = XCBuildConfiguration;
			buildSettings = {
				CODE_SIGN_STYLE = Automatic;
				PRODUCT_NAME = "$(TARGET_NAME)";
			};
			name = Debug;
		};
		02CD5CE422303FD5009EA3E6 /* Release */ = {
			isa = XCBuildConfiguration;
			buildSettings = {
				CODE_SIGN_STYLE = Automatic;
				PRODUCT_NAME = "$(TARGET_NAME)";
			};
			name = Release;
		};
/* End XCBuildConfiguration section */

/* Begin XCConfigurationList section */
		02CD5CD622303FD5009EA3E6 /* Build configuration list for PBXProject "hw5_2" */ = {
			isa = XCConfigurationList;
			buildConfigurations = (
				02CD5CE022303FD5009EA3E6 /* Debug */,
				02CD5CE122303FD5009EA3E6 /* Release */,
			);
			defaultConfigurationIsVisible = 0;
			defaultConfigurationName = Release;
		};
		02CD5CE222303FD5009EA3E6 /* Build configuration list for PBXNativeTarget "hw5_2" */ = {
			isa = XCConfigurationList;
			buildConfigurations = (
				02CD5CE322303FD5009EA3E6 /* Debug */,
				02CD5CE422303FD5009EA3E6 /* Release */,
			);
			defaultConfigurationIsVisible = 0;
			defaultConfigurationName = Release;
		};
/* End XCConfigurationList section */
	};
	rootObject = 02CD5CD322303FD5009EA3E6 /* Project object */;
}
